
Microsoft Visual Studio Solution File, Format Version 12.00
# Visual Studio Version 17
VisualStudioVersion = 17.4.33213.308
MinimumVisualStudioVersion = 10.0.40219.1
Project("{FAE04EC0-301F-11D3-BF4B-00C04F79EFBC}") = "OCR_1", "OCR_1\OCR_1.csproj", "{F17CD3CB-78E3-41C7-8A06-F077BA8AD31A}"
EndProject
Global
	GlobalSection(SolutionConfigurationPlatforms) = preSolution
		Debug|Any CPU = Debug|Any CPU
		Release|Any CPU = Release|Any CPU
	EndGlobalSection
	GlobalSection(ProjectConfigurationPlatforms) = postSolution
		{F17CD3CB-78E3-41C7-8A06-F077BA8AD31A}.Debug|Any CPU.ActiveCfg = Debug|Any CPU
		{F17CD3CB-78E3-41C7-8A06-F077BA8AD31A}.Debug|Any CPU.Build.0 = Debug|Any CPU
		{F17CD3CB-78E3-41C7-8A06-F077BA8AD31A}.Release|Any CPU.ActiveCfg = Release|Any CPU
		{F17CD3CB-78E3-41C7-8A06-F077BA8AD31A}.Release|Any CPU.Build.0 = Release|Any CPU
	EndGlobalSection
	GlobalSection(SolutionProperties) = preSolution
		HideSolutionNode = FALSE
	EndGlobalSection
	GlobalSection(ExtensibilityGlobals) = postSolution
		SolutionGuid = {AA5426E5-5190-4D2D-9555-3F272ACF0D8E}
	EndGlobalSection
EndGlobal
